
Microsoft Visual Studio Solution File, Format Version 12.00
# Visual Studio Version 17
VisualStudioVersion = 17.9.34310.174
MinimumVisualStudioVersion = 10.0.40219.1
Project("{FAE04EC0-301F-11D3-BF4B-00C04F79EFBC}") = "Task3", "Task3\Task3.csproj", "{39F06D72-83F3-43A6-AF20-6BE08214F9D8}"
EndProject
Global
	GlobalSection(SolutionConfigurationPlatforms) = preSolution
		Debug|Any CPU = Debug|Any CPU
		Release|Any CPU = Release|Any CPU
	EndGlobalSection
	GlobalSection(ProjectConfigurationPlatforms) = postSolution
		{39F06D72-83F3-43A6-AF20-6BE08214F9D8}.Debug|Any CPU.ActiveCfg = Debug|Any CPU
		{39F06D72-83F3-43A6-AF20-6BE08214F9D8}.Debug|Any CPU.Build.0 = Debug|Any CPU
		{39F06D72-83F3-43A6-AF20-6BE08214F9D8}.Release|Any CPU.ActiveCfg = Release|Any CPU
		{39F06D72-83F3-43A6-AF20-6BE08214F9D8}.Release|Any CPU.Build.0 = Release|Any CPU
	EndGlobalSection
	GlobalSection(SolutionProperties) = preSolution
		HideSolutionNode = FALSE
	EndGlobalSection
	GlobalSection(ExtensibilityGlobals) = postSolution
		SolutionGuid = {F2F341D0-93D3-4A6A-A4C2-06D608678360}
	EndGlobalSection
EndGlobal
